{
  "name": "OffsetGenerator",
  "version": "1.0.0",
  "lockfileVersion": 3,
  "requires": true,
  "packages": {
    "": {
      "name": "OffsetGenerator",
      "version": "1.0.0",
      "license": "ISC",
      "dependencies": {
        "@zip.js/zip.js": "^2.6.81"
      },
      "devDependencies": {
        "@types/node": "^18.15.5"
      }
    },
    "node_modules/@types/node": {
      "version": "18.15.6",
      "resolved": "https://registry.npmjs.org/@types/node/-/node-18.15.6.tgz",
      "integrity": "sha512-YErOafCZpK4g+Rp3Q/PBgZNAsWKGunQTm9FA3/Pbcm0VCriTEzcrutQ/SxSc0rytAp0NoFWue669jmKhEtd0sA==",
      "dev": true
    },
    "node_modules/@zip.js/zip.js": {
      "version": "2.6.81",
      "resolved": "https://registry.npmjs.org/@zip.js/zip.js/-/zip.js-2.6.81.tgz",
      "integrity": "sha512-VXrwa5fthYq74sIZsHarCFVSwnKdispTd/WQBgcNEuB9X0N3L5s8odRCjx9Zw6XsvpG5krqB4ZN4X0lLMyjgDA==",
      "engines": {
        "deno": ">=1.0.0",
        "node": ">=16.5.0"
      }
    }
  }
}
